
Microsoft Visual Studio Solution File, Format Version 12.00
# Visual Studio Version 16
VisualStudioVersion = 16.0.31005.135
MinimumVisualStudioVersion = 10.0.40219.1
Project("{FAE04EC0-301F-11D3-BF4B-00C04F79EFBC}") = "BobbyTheBear", "BobbyTheBear\BobbyTheBear.csproj", "{BA3BF950-AC5B-4E31-A673-7D6315F3FAF5}"
EndProject
Global
	GlobalSection(SolutionConfigurationPlatforms) = preSolution
		Debug|Any CPU = Debug|Any CPU
		Release|Any CPU = Release|Any CPU
	EndGlobalSection
	GlobalSection(ProjectConfigurationPlatforms) = postSolution
		{BA3BF950-AC5B-4E31-A673-7D6315F3FAF5}.Debug|Any CPU.ActiveCfg = Debug|Any CPU
		{BA3BF950-AC5B-4E31-A673-7D6315F3FAF5}.Debug|Any CPU.Build.0 = Debug|Any CPU
		{BA3BF950-AC5B-4E31-A673-7D6315F3FAF5}.Release|Any CPU.ActiveCfg = Release|Any CPU
		{BA3BF950-AC5B-4E31-A673-7D6315F3FAF5}.Release|Any CPU.Build.0 = Release|Any CPU
	EndGlobalSection
	GlobalSection(SolutionProperties) = preSolution
		HideSolutionNode = FALSE
	EndGlobalSection
	GlobalSection(ExtensibilityGlobals) = postSolution
		SolutionGuid = {CFC94A28-67BE-4F36-ADD4-012FBA3EAE67}
	EndGlobalSection
EndGlobal
